Microsoft Visual Studio Solution File, Format Version 12.00
# Visual Studio Version 17
VisualStudioVersion = 17.5.2.0
MinimumVisualStudioVersion = 10.0.40219.1
Project("{FAE04EC0-301F-11D3-BF4B-00C04F79EFBC}") = "MedidaAritmetica", "MedidaAritmetica.csproj", "{6CA7D732-2607-A482-3BE3-390C35BB8999}"
EndProject
Global
	GlobalSection(SolutionConfigurationPlatforms) = preSolution
		Debug|Any CPU = Debug|Any CPU
		Release|Any CPU = Release|Any CPU
	EndGlobalSection
	GlobalSection(ProjectConfigurationPlatforms) = postSolution
		{6CA7D732-2607-A482-3BE3-390C35BB8999}.Debug|Any CPU.ActiveCfg = Debug|Any CPU
		{6CA7D732-2607-A482-3BE3-390C35BB8999}.Debug|Any CPU.Build.0 = Debug|Any CPU
		{6CA7D732-2607-A482-3BE3-390C35BB8999}.Release|Any CPU.ActiveCfg = Release|Any CPU
		{6CA7D732-2607-A482-3BE3-390C35BB8999}.Release|Any CPU.Build.0 = Release|Any CPU
	EndGlobalSection
	GlobalSection(SolutionProperties) = preSolution
		HideSolutionNode = FALSE
	EndGlobalSection
	GlobalSection(ExtensibilityGlobals) = postSolution
		SolutionGuid = {2AD45D17-CA81-449D-84B3-6ED2605ECA6F}
	EndGlobalSection
EndGlobal
